
Microsoft Visual Studio Solution File, Format Version 12.00
# Visual Studio Version 17
VisualStudioVersion = 17.4.33213.308
MinimumVisualStudioVersion = 10.0.40219.1
Project("{9A19103F-16F7-4668-BE54-9A1E7A4F7556}") = "Banco", "Banco\Banco.csproj", "{03A11364-A86F-4839-907C-2488556EEDE1}"
EndProject
Project("{9A19103F-16F7-4668-BE54-9A1E7A4F7556}") = "BancoTeste", "BancoTeste\BancoTeste.csproj", "{398EB732-BDAB-4B8E-877E-3E91DCAC0C89}"
EndProject
Project("{FAE04EC0-301F-11D3-BF4B-00C04F79EFBC}") = "BancoTesteMock", "BancoTesteMock\BancoTesteMock.csproj", "{8569760A-C66A-4C4D-B5CC-577F03429CEC}"
EndProject
Global
	GlobalSection(SolutionConfigurationPlatforms) = preSolution
		Debug|Any CPU = Debug|Any CPU
		Release|Any CPU = Release|Any CPU
	EndGlobalSection
	GlobalSection(ProjectConfigurationPlatforms) = postSolution
		{03A11364-A86F-4839-907C-2488556EEDE1}.Debug|Any CPU.ActiveCfg = Debug|Any CPU
		{03A11364-A86F-4839-907C-2488556EEDE1}.Debug|Any CPU.Build.0 = Debug|Any CPU
		{03A11364-A86F-4839-907C-2488556EEDE1}.Release|Any CPU.ActiveCfg = Release|Any CPU
		{03A11364-A86F-4839-907C-2488556EEDE1}.Release|Any CPU.Build.0 = Release|Any CPU
		{398EB732-BDAB-4B8E-877E-3E91DCAC0C89}.Debug|Any CPU.ActiveCfg = Debug|Any CPU
		{398EB732-BDAB-4B8E-877E-3E91DCAC0C89}.Debug|Any CPU.Build.0 = Debug|Any CPU
		{398EB732-BDAB-4B8E-877E-3E91DCAC0C89}.Release|Any CPU.ActiveCfg = Release|Any CPU
		{398EB732-BDAB-4B8E-877E-3E91DCAC0C89}.Release|Any CPU.Build.0 = Release|Any CPU
		{8569760A-C66A-4C4D-B5CC-577F03429CEC}.Debug|Any CPU.ActiveCfg = Debug|Any CPU
		{8569760A-C66A-4C4D-B5CC-577F03429CEC}.Debug|Any CPU.Build.0 = Debug|Any CPU
		{8569760A-C66A-4C4D-B5CC-577F03429CEC}.Release|Any CPU.ActiveCfg = Release|Any CPU
		{8569760A-C66A-4C4D-B5CC-577F03429CEC}.Release|Any CPU.Build.0 = Release|Any CPU
	EndGlobalSection
	GlobalSection(SolutionProperties) = preSolution
		HideSolutionNode = FALSE
	EndGlobalSection
	GlobalSection(ExtensibilityGlobals) = postSolution
		SolutionGuid = {E85958B1-64F9-4B28-8C49-63C81B77D24A}
	EndGlobalSection
EndGlobal
